// !$*UTF8*$!
{
	archiveVersion = 1;
	classes = {
	};
	objectVersion = 50;
	objects = {

/* Begin PBXBuildFile section */
		FB1CD94826E07CE7005D0DAA /* DesignCodeApp.swift in Sources */ = {isa = PBXBuildFile; fileRef = FB1CD94726E07CE7005D0DAA /* DesignCodeApp.swift */; };
		FB1CD94A26E07CE7005D0DAA /* ContentView.swift in Sources */ = {isa = PBXBuildFile; fileRef = FB1CD94926E07CE7005D0DAA /* ContentView.swift */; };
		FB1CD94C26E07CE9005D0DAA /* Assets.xcassets in Resources */ = {isa = PBXBuildFile; fileRef = FB1CD94B26E07CE9005D0DAA /* Assets.xcassets */; };
		FB1CD94F26E07CE9005D0DAA /* Preview Assets.xcassets in Resources */ = {isa = PBXBuildFile; fileRef = FB1CD94E26E07CE9005D0DAA /* Preview Assets.xcassets */; };
		FB23C8EF26E27F0600E25ABD /* HomeView.swift in Sources */ = {isa = PBXBuildFile; fileRef = FB23C8EE26E27F0600E25ABD /* HomeView.swift */; };
		FB2C8F9B26E769E600D0CE4E /* Modifiers.swift in Sources */ = {isa = PBXBuildFile; fileRef = FB2C8F9A26E769E600D0CE4E /* Modifiers.swift */; };
		FB2C8FD526E76FAE00D0CE4E /* WorkSans-Regular.ttf in Resources */ = {isa = PBXBuildFile; fileRef = FB2C8FCB26E76FAE00D0CE4E /* WorkSans-Regular.ttf */; };
		FB2C8FD626E76FAE00D0CE4E /* WorkSans-Light.ttf in Resources */ = {isa = PBXBuildFile; fileRef = FB2C8FCC26E76FAE00D0CE4E /* WorkSans-Light.ttf */; };
		FB2C8FD726E76FAE00D0CE4E /* WorkSans-ExtraBold.ttf in Resources */ = {isa = PBXBuildFile; fileRef = FB2C8FCD26E76FAE00D0CE4E /* WorkSans-ExtraBold.ttf */; };
		FB2C8FD826E76FAE00D0CE4E /* WorkSans-ExtraLight.ttf in Resources */ = {isa = PBXBuildFile; fileRef = FB2C8FCE26E76FAE00D0CE4E /* WorkSans-ExtraLight.ttf */; };
		FB2C8FD926E76FAE00D0CE4E /* WorkSans-Medium.ttf in Resources */ = {isa = PBXBuildFile; fileRef = FB2C8FCF26E76FAE00D0CE4E /* WorkSans-Medium.ttf */; };
		FB2C8FDA26E76FAE00D0CE4E /* WorkSans-SemiBold.ttf in Resources */ = {isa = PBXBuildFile; fileRef = FB2C8FD026E76FAE00D0CE4E /* WorkSans-SemiBold.ttf */; };
		FB2C8FDB26E76FAE00D0CE4E /* OFL.txt in Resources */ = {isa = PBXBuildFile; fileRef = FB2C8FD126E76FAE00D0CE4E /* OFL.txt */; };
		FB2C8FDC26E76FAE00D0CE4E /* WorkSans-Thin.ttf in Resources */ = {isa = PBXBuildFile; fileRef = FB2C8FD226E76FAE00D0CE4E /* WorkSans-Thin.ttf */; };
		FB2C8FDD26E76FAE00D0CE4E /* WorkSans-Black.ttf in Resources */ = {isa = PBXBuildFile; fileRef = FB2C8FD326E76FAE00D0CE4E /* WorkSans-Black.ttf */; };
		FB2C8FDE26E76FAE00D0CE4E /* WorkSans-Bold.ttf in Resources */ = {isa = PBXBuildFile; fileRef = FB2C8FD426E76FAE00D0CE4E /* WorkSans-Bold.ttf */; };
		FB50CE9126E2116D0039CA61 /* MenuView.swift in Sources */ = {isa = PBXBuildFile; fileRef = FB50CE9026E2116D0039CA61 /* MenuView.swift */; };
		FB56283326E514F400699C2F /* UpdateDetail.swift in Sources */ = {isa = PBXBuildFile; fileRef = FB56283226E514F400699C2F /* UpdateDetail.swift */; };
		FB56283526E5189100699C2F /* UpdateStore.swift in Sources */ = {isa = PBXBuildFile; fileRef = FB56283426E5189100699C2F /* UpdateStore.swift */; };
		FB56283726E51E1F00699C2F /* TabBar.swift in Sources */ = {isa = PBXBuildFile; fileRef = FB56283626E51E1F00699C2F /* TabBar.swift */; };
		FB906F6E26E61DE3002FB0EB /* RingView.swift in Sources */ = {isa = PBXBuildFile; fileRef = FB906F6D26E61DE3002FB0EB /* RingView.swift */; };
		FBC3EA6326E50C7B009424C6 /* UpdateList.swift in Sources */ = {isa = PBXBuildFile; fileRef = FBC3EA6226E50C7B009424C6 /* UpdateList.swift */; };
		FBE6441226E22A74003A1042 /* Home.swift in Sources */ = {isa = PBXBuildFile; fileRef = FBE6441126E22A74003A1042 /* Home.swift */; };
/* End PBXBuildFile section */

/* Begin PBXFileReference section */
		FB1CD94426E07CE7005D0DAA /* DesignCode.app */ = {isa = PBXFileReference; explicitFileType = wrapper.application; includeInIndex = 0; path = DesignCode.app; sourceTree = BUILT_PRODUCTS_DIR; };
		FB1CD94726E07CE7005D0DAA /* DesignCodeApp.swift */ = {isa = PBXFileReference; lastKnownFileType = sourcecode.swift; path = DesignCodeApp.swift; sourceTree = "<group>"; };
		FB1CD94926E07CE7005D0DAA /* ContentView.swift */ = {isa = PBXFileReference; lastKnownFileType = sourcecode.swift; path = ContentView.swift; sourceTree = "<group>"; };
		FB1CD94B26E07CE9005D0DAA /* Assets.xcassets */ = {isa = PBXFileReference; lastKnownFileType = folder.assetcatalog; path = Assets.xcassets; sourceTree = "<group>"; };
		FB1CD94E26E07CE9005D0DAA /* Preview Assets.xcassets */ = {isa = PBXFileReference; lastKnownFileType = folder.assetcatalog; path = "Preview Assets.xcassets"; sourceTree = "<group>"; };
		FB1CD95026E07CE9005D0DAA /* Info.plist */ = {isa = PBXFileReference; lastKnownFileType = text.plist.xml; path = Info.plist; sourceTree = "<group>"; };
		FB23C8EE26E27F0600E25ABD /* HomeView.swift */ = {isa = PBXFileReference; lastKnownFileType = sourcecode.swift; path = HomeView.swift; sourceTree = "<group>"; };
		FB2C8F9A26E769E600D0CE4E /* Modifiers.swift */ = {isa = PBXFileReference; lastKnownFileType = sourcecode.swift; path = Modifiers.swift; sourceTree = "<group>"; };
		FB2C8FCB26E76FAE00D0CE4E /* WorkSans-Regular.ttf */ = {isa = PBXFileReference; lastKnownFileType = file; path = "WorkSans-Regular.ttf"; sourceTree = "<group>"; };
		FB2C8FCC26E76FAE00D0CE4E /* WorkSans-Light.ttf */ = {isa = PBXFileReference; lastKnownFileType = file; path = "WorkSans-Light.ttf"; sourceTree = "<group>"; };
		FB2C8FCD26E76FAE00D0CE4E /* WorkSans-ExtraBold.ttf */ = {isa = PBXFileReference; lastKnownFileType = file; path = "WorkSans-ExtraBold.ttf"; sourceTree = "<group>"; };
		FB2C8FCE26E76FAE00D0CE4E /* WorkSans-ExtraLight.ttf */ = {isa = PBXFileReference; lastKnownFileType = file; path = "WorkSans-ExtraLight.ttf"; sourceTree = "<group>"; };
		FB2C8FCF26E76FAE00D0CE4E /* WorkSans-Medium.ttf */ = {isa = PBXFileReference; lastKnownFileType = file; path = "WorkSans-Medium.ttf"; sourceTree = "<group>"; };
		FB2C8FD026E76FAE00D0CE4E /* WorkSans-SemiBold.ttf */ = {isa = PBXFileReference; lastKnownFileType = file; path = "WorkSans-SemiBold.ttf"; sourceTree = "<group>"; };
		FB2C8FD126E76FAE00D0CE4E /* OFL.txt */ = {isa = PBXFileReference; fileEncoding = 4; lastKnownFileType = text; path = OFL.txt; sourceTree = "<group>"; };
		FB2C8FD226E76FAE00D0CE4E /* WorkSans-Thin.ttf */ = {isa = PBXFileReference; lastKnownFileType = file; path = "WorkSans-Thin.ttf"; sourceTree = "<group>"; };
		FB2C8FD326E76FAE00D0CE4E /* WorkSans-Black.ttf */ = {isa = PBXFileReference; lastKnownFileType = file; path = "WorkSans-Black.ttf"; sourceTree = "<group>"; };
		FB2C8FD426E76FAE00D0CE4E /* WorkSans-Bold.ttf */ = {isa = PBXFileReference; lastKnownFileType = file; path = "WorkSans-Bold.ttf"; sourceTree = "<group>"; };
		FB50CE9026E2116D0039CA61 /* MenuView.swift */ = {isa = PBXFileReference; lastKnownFileType = sourcecode.swift; path = MenuView.swift; sourceTree = "<group>"; };
		FB56283226E514F400699C2F /* UpdateDetail.swift */ = {isa = PBXFileReference; lastKnownFileType = sourcecode.swift; path = UpdateDetail.swift; sourceTree = "<group>"; };
		FB56283426E5189100699C2F /* UpdateStore.swift */ = {isa = PBXFileReference; lastKnownFileType = sourcecode.swift; path = UpdateStore.swift; sourceTree = "<group>"; };
		FB56283626E51E1F00699C2F /* TabBar.swift */ = {isa = PBXFileReference; lastKnownFileType = sourcecode.swift; path = TabBar.swift; sourceTree = "<group>"; };
		FB906F6D26E61DE3002FB0EB /* RingView.swift */ = {isa = PBXFileReference; lastKnownFileType = sourcecode.swift; path = RingView.swift; sourceTree = "<group>"; };
		FBC3EA6226E50C7B009424C6 /* UpdateList.swift */ = {isa = PBXFileReference; lastKnownFileType = sourcecode.swift; path = UpdateList.swift; sourceTree = "<group>"; };
		FBE6441126E22A74003A1042 /* Home.swift */ = {isa = PBXFileReference; lastKnownFileType = sourcecode.swift; path = Home.swift; sourceTree = "<group>"; };
/* End PBXFileReference section */

/* Begin PBXFrameworksBuildPhase section */
		FB1CD94126E07CE7005D0DAA /* Frameworks */ = {
			isa = PBXFrameworksBuildPhase;
			buildActionMask = 2147483647;
			files = (
			);
			runOnlyForDeploymentPostprocessing = 0;
		};
/* End PBXFrameworksBuildPhase section */

/* Begin PBXGroup section */
		FB1CD93B26E07CE7005D0DAA = {
			isa = PBXGroup;
			children = (
				FB1CD94626E07CE7005D0DAA /* DesignCode */,
				FB1CD94526E07CE7005D0DAA /* Products */,
			);
			sourceTree = "<group>";
		};
		FB1CD94526E07CE7005D0DAA /* Products */ = {
			isa = PBXGroup;
			children = (
				FB1CD94426E07CE7005D0DAA /* DesignCode.app */,
			);
			name = Products;
			sourceTree = "<group>";
		};
		FB1CD94626E07CE7005D0DAA /* DesignCode */ = {
			isa = PBXGroup;
			children = (
				FB1CD94726E07CE7005D0DAA /* DesignCodeApp.swift */,
				FB1CD94926E07CE7005D0DAA /* ContentView.swift */,
				FB906F6D26E61DE3002FB0EB /* RingView.swift */,
				FB2C8F9A26E769E600D0CE4E /* Modifiers.swift */,
				FB50CE9026E2116D0039CA61 /* MenuView.swift */,
				FBE6441126E22A74003A1042 /* Home.swift */,
				FBC3EA6226E50C7B009424C6 /* UpdateList.swift */,
				FB56283426E5189100699C2F /* UpdateStore.swift */,
				FB56283226E514F400699C2F /* UpdateDetail.swift */,
				FB23C8EE26E27F0600E25ABD /* HomeView.swift */,
				FB1CD94B26E07CE9005D0DAA /* Assets.xcassets */,
				FB2C8FCA26E76FAE00D0CE4E /* Work_Sans */,
				FB1CD95026E07CE9005D0DAA /* Info.plist */,
				FB1CD94D26E07CE9005D0DAA /* Preview Content */,
				FB56283626E51E1F00699C2F /* TabBar.swift */,
			);
			path = DesignCode;
			sourceTree = "<group>";
		};
		FB1CD94D26E07CE9005D0DAA /* Preview Content */ = {
			isa = PBXGroup;
			children = (
				FB1CD94E26E07CE9005D0DAA /* Preview Assets.xcassets */,
			);
			path = "Preview Content";
			sourceTree = "<group>";
		};
		FB2C8FCA26E76FAE00D0CE4E /* Work_Sans */ = {
			isa = PBXGroup;
			children = (
				FB2C8FCB26E76FAE00D0CE4E /* WorkSans-Regular.ttf */,
				FB2C8FCC26E76FAE00D0CE4E /* WorkSans-Light.ttf */,
				FB2C8FCD26E76FAE00D0CE4E /* WorkSans-ExtraBold.ttf */,
				FB2C8FCE26E76FAE00D0CE4E /* WorkSans-ExtraLight.ttf */,
				FB2C8FCF26E76FAE00D0CE4E /* WorkSans-Medium.ttf */,
				FB2C8FD026E76FAE00D0CE4E /* WorkSans-SemiBold.ttf */,
				FB2C8FD126E76FAE00D0CE4E /* OFL.txt */,
				FB2C8FD226E76FAE00D0CE4E /* WorkSans-Thin.ttf */,
				FB2C8FD326E76FAE00D0CE4E /* WorkSans-Black.ttf */,
				FB2C8FD426E76FAE00D0CE4E /* WorkSans-Bold.ttf */,
			);
			path = Work_Sans;
			sourceTree = "<group>";
		};
/* End PBXGroup section */

/* Begin PBXNativeTarget section */
		FB1CD94326E07CE7005D0DAA /* DesignCode */ = {
			isa = PBXNativeTarget;
			buildConfigurationList = FB1CD95326E07CE9005D0DAA /* Build configuration list for PBXNativeTarget "DesignCode" */;
			buildPhases = (
				FB1CD94026E07CE7005D0DAA /* Sources */,
				FB1CD94126E07CE7005D0DAA /* Frameworks */,
				FB1CD94226E07CE7005D0DAA /* Resources */,
			);
			buildRules = (
			);
			dependencies = (
			);
			name = DesignCode;
			productName = DesignCode;
			productReference = FB1CD94426E07CE7005D0DAA /* DesignCode.app */;
			productType = "com.apple.product-type.application";
		};
/* End PBXNativeTarget section */

/* Begin PBXProject section */
		FB1CD93C26E07CE7005D0DAA /* Project object */ = {
			isa = PBXProject;
			attributes = {
				LastSwiftUpdateCheck = 1250;
				LastUpgradeCheck = 1250;
				TargetAttributes = {
					FB1CD94326E07CE7005D0DAA = {
						CreatedOnToolsVersion = 12.5.1;
					};
				};
			};
			buildConfigurationList = FB1CD93F26E07CE7005D0DAA /* Build configuration list for PBXProject "DesignCode" */;
			compatibilityVersion = "Xcode 9.3";
			developmentRegion = en;
			hasScannedForEncodings = 0;
			knownRegions = (
				en,
				Base,
			);
			mainGroup = FB1CD93B26E07CE7005D0DAA;
			productRefGroup = FB1CD94526E07CE7005D0DAA /* Products */;
			projectDirPath = "";
			projectRoot = "";
			targets = (
				FB1CD94326E07CE7005D0DAA /* DesignCode */,
			);
		};
/* End PBXProject section */

/* Begin PBXResourcesBuildPhase section */
		FB1CD94226E07CE7005D0DAA /* Resources */ = {
			isa = PBXResourcesBuildPhase;
			buildActionMask = 2147483647;
			files = (
				FB2C8FD526E76FAE00D0CE4E /* WorkSans-Regular.ttf in Resources */,
				FB1CD94F26E07CE9005D0DAA /* Preview Assets.xcassets in Resources */,
				FB1CD94C26E07CE9005D0DAA /* Assets.xcassets in Resources */,
				FB2C8FDC26E76FAE00D0CE4E /* WorkSans-Thin.ttf in Resources */,
				FB2C8FDB26E76FAE00D0CE4E /* OFL.txt in Resources */,
				FB2C8FD726E76FAE00D0CE4E /* WorkSans-ExtraBold.ttf in Resources */,
				FB2C8FD826E76FAE00D0CE4E /* WorkSans-ExtraLight.ttf in Resources */,
				FB2C8FDA26E76FAE00D0CE4E /* WorkSans-SemiBold.ttf in Resources */,
				FB2C8FD926E76FAE00D0CE4E /* WorkSans-Medium.ttf in Resources */,
				FB2C8FDD26E76FAE00D0CE4E /* WorkSans-Black.ttf in Resources */,
				FB2C8FD626E76FAE00D0CE4E /* WorkSans-Light.ttf in Resources */,
				FB2C8FDE26E76FAE00D0CE4E /* WorkSans-Bold.ttf in Resources */,
			);
			runOnlyForDeploymentPostprocessing = 0;
		};
/* End PBXResourcesBuildPhase section */

/* Begin PBXSourcesBuildPhase section */
		FB1CD94026E07CE7005D0DAA /* Sources */ = {
			isa = PBXSourcesBuildPhase;
			buildActionMask = 2147483647;
			files = (
				FB906F6E26E61DE3002FB0EB /* RingView.swift in Sources */,
				FB2C8F9B26E769E600D0CE4E /* Modifiers.swift in Sources */,
				FB56283726E51E1F00699C2F /* TabBar.swift in Sources */,
				FB56283326E514F400699C2F /* UpdateDetail.swift in Sources */,
				FB1CD94A26E07CE7005D0DAA /* ContentView.swift in Sources */,
				FB50CE9126E2116D0039CA61 /* MenuView.swift in Sources */,
				FBC3EA6326E50C7B009424C6 /* UpdateList.swift in Sources */,
				FB56283526E5189100699C2F /* UpdateStore.swift in Sources */,
				FBE6441226E22A74003A1042 /* Home.swift in Sources */,
				FB23C8EF26E27F0600E25ABD /* HomeView.swift in Sources */,
				FB1CD94826E07CE7005D0DAA /* DesignCodeApp.swift in Sources */,
			);
			runOnlyForDeploymentPostprocessing = 0;
		};
/* End PBXSourcesBuildPhase section */

/* Begin XCBuildConfiguration section */
		FB1CD95126E07CE9005D0DAA /* Debug */ = {
			isa = XCBuildConfiguration;
			buildSettings = {
				ALWAYS_SEARCH_USER_PATHS = NO;
				CLANG_ANALYZER_NONNULL = YES;
				CLANG_ANALYZER_NUMBER_OBJECT_CONVERSION = YES_AGGRESSIVE;
				CLANG_CXX_LANGUAGE_STANDARD = "gnu++14";
				CLANG_CXX_LIBRARY = "libc++";
				CLANG_ENABLE_MODULES = YES;
				CLANG_ENABLE_OBJC_ARC = YES;
				CLANG_ENABLE_OBJC_WEAK = YES;
				CLANG_WARN_BLOCK_CAPTURE_AUTORELEASING = YES;
				CLANG_WARN_BOOL_CONVERSION = YES;
				CLANG_WARN_COMMA = YES;
				CLANG_WARN_CONSTANT_CONVERSION = YES;
				CLANG_WARN_DEPRECATED_OBJC_IMPLEMENTATIONS = YES;
				CLANG_WARN_DIRECT_OBJC_ISA_USAGE = YES_ERROR;
				CLANG_WARN_DOCUMENTATION_COMMENTS = YES;
				CLANG_WARN_EMPTY_BODY = YES;
				CLANG_WARN_ENUM_CONVERSION = YES;
				CLANG_WARN_INFINITE_RECURSION = YES;
				CLANG_WARN_INT_CONVERSION = YES;
				CLANG_WARN_NON_LITERAL_NULL_CONVERSION = YES;
				CLANG_WARN_OBJC_IMPLICIT_RETAIN_SELF = YES;
				CLANG_WARN_OBJC_LITERAL_CONVERSION = YES;
				CLANG_WARN_OBJC_ROOT_CLASS = YES_ERROR;
				CLANG_WARN_QUOTED_INCLUDE_IN_FRAMEWORK_HEADER = YES;
				CLANG_WARN_RANGE_LOOP_ANALYSIS = YES;
				CLANG_WARN_STRICT_PROTOTYPES = YES;
				CLANG_WARN_SUSPICIOUS_MOVE = YES;
				CLANG_WARN_UNGUARDED_AVAILABILITY = YES_AGGRESSIVE;
				CLANG_WARN_UNREACHABLE_CODE = YES;
				CLANG_WARN__DUPLICATE_METHOD_MATCH = YES;
				COPY_PHASE_STRIP = NO;
				DEBUG_INFORMATION_FORMAT = dwarf;
				ENABLE_STRICT_OBJC_MSGSEND = YES;
				ENABLE_TESTABILITY = YES;
				GCC_C_LANGUAGE_STANDARD = gnu11;
				GCC_DYNAMIC_NO_PIC = NO;
				GCC_NO_COMMON_BLOCKS = YES;
				GCC_OPTIMIZATION_LEVEL = 0;
				GCC_PREPROCESSOR_DEFINITIONS = (
					"DEBUG=1",
					"$(inherited)",
				);
				GCC_WARN_64_TO_32_BIT_CONVERSION = YES;
				GCC_WARN_ABOUT_RETURN_TYPE = YES_ERROR;
				GCC_WARN_UNDECLARED_SELECTOR = YES;
				GCC_WARN_UNINITIALIZED_AUTOS = YES_AGGRESSIVE;
				GCC_WARN_UNUSED_FUNCTION = YES;
				GCC_WARN_UNUSED_VARIABLE = YES;
				IPHONEOS_DEPLOYMENT_TARGET = 14.5;
				MTL_ENABLE_DEBUG_INFO = INCLUDE_SOURCE;
				MTL_FAST_MATH = YES;
				ONLY_ACTIVE_ARCH = YES;
				SDKROOT = iphoneos;
				SWIFT_ACTIVE_COMPILATION_CONDITIONS = DEBUG;
				SWIFT_OPTIMIZATION_LEVEL = "-Onone";
			};
			name = Debug;
		};
		FB1CD95226E07CE9005D0DAA /* Release */ = {
			isa = XCBuildConfiguration;
			buildSettings = {
				ALWAYS_SEARCH_USER_PATHS = NO;
				CLANG_ANALYZER_NONNULL = YES;
				CLANG_ANALYZER_NUMBER_OBJECT_CONVERSION = YES_AGGRESSIVE;
				CLANG_CXX_LANGUAGE_STANDARD = "gnu++14";
				CLANG_CXX_LIBRARY = "libc++";
				CLANG_ENABLE_MODULES = YES;
				CLANG_ENABLE_OBJC_ARC = YES;
				CLANG_ENABLE_OBJC_WEAK = YES;
				CLANG_WARN_BLOCK_CAPTURE_AUTORELEASING = YES;
				CLANG_WARN_BOOL_CONVERSION = YES;
				CLANG_WARN_COMMA = YES;
				CLANG_WARN_CONSTANT_CONVERSION = YES;
				CLANG_WARN_DEPRECATED_OBJC_IMPLEMENTATIONS = YES;
				CLANG_WARN_DIRECT_OBJC_ISA_USAGE = YES_ERROR;
				CLANG_WARN_DOCUMENTATION_COMMENTS = YES;
				CLANG_WARN_EMPTY_BODY = YES;
				CLANG_WARN_ENUM_CONVERSION = YES;
				CLANG_WARN_INFINITE_RECURSION = YES;
				CLANG_WARN_INT_CONVERSION = YES;
				CLANG_WARN_NON_LITERAL_NULL_CONVERSION = YES;
				CLANG_WARN_OBJC_IMPLICIT_RETAIN_SELF = YES;
				CLANG_WARN_OBJC_LITERAL_CONVERSION = YES;
				CLANG_WARN_OBJC_ROOT_CLASS = YES_ERROR;
				CLANG_WARN_QUOTED_INCLUDE_IN_FRAMEWORK_HEADER = YES;
				CLANG_WARN_RANGE_LOOP_ANALYSIS = YES;
				CLANG_WARN_STRICT_PROTOTYPES = YES;
				CLANG_WARN_SUSPICIOUS_MOVE = YES;
				CLANG_WARN_UNGUARDED_AVAILABILITY = YES_AGGRESSIVE;
				CLANG_WARN_UNREACHABLE_CODE = YES;
				CLANG_WARN__DUPLICATE_METHOD_MATCH = YES;
				COPY_PHASE_STRIP = NO;
				DEBUG_INFORMATION_FORMAT = "dwarf-with-dsym";
				ENABLE_NS_ASSERTIONS = NO;
				ENABLE_STRICT_OBJC_MSGSEND = YES;
				GCC_C_LANGUAGE_STANDARD = gnu11;
				GCC_NO_COMMON_BLOCKS = YES;
				GCC_WARN_64_TO_32_BIT_CONVERSION = YES;
				GCC_WARN_ABOUT_RETURN_TYPE = YES_ERROR;
				GCC_WARN_UNDECLARED_SELECTOR = YES;
				GCC_WARN_UNINITIALIZED_AUTOS = YES_AGGRESSIVE;
				GCC_WARN_UNUSED_FUNCTION = YES;
				GCC_WARN_UNUSED_VARIABLE = YES;
				IPHONEOS_DEPLOYMENT_TARGET = 14.5;
				MTL_ENABLE_DEBUG_INFO = NO;
				MTL_FAST_MATH = YES;
				SDKROOT = iphoneos;
				SWIFT_COMPILATION_MODE = wholemodule;
				SWIFT_OPTIMIZATION_LEVEL = "-O";
				VALIDATE_PRODUCT = YES;
			};
			name = Release;
		};
		FB1CD95426E07CE9005D0DAA /* Debug */ = {
			isa = XCBuildConfiguration;
			buildSettings = {
				ASSETCATALOG_COMPILER_APPICON_NAME = AppIcon;
				ASSETCATALOG_COMPILER_GLOBAL_ACCENT_COLOR_NAME = AccentColor;
				CODE_SIGN_STYLE = Automatic;
				DEVELOPMENT_ASSET_PATHS = "\"DesignCode/Preview Content\"";
				DEVELOPMENT_TEAM = T757X7ADTD;
				ENABLE_PREVIEWS = YES;
				INFOPLIST_FILE = DesignCode/Info.plist;
				IPHONEOS_DEPLOYMENT_TARGET = 14.0;
				LD_RUNPATH_SEARCH_PATHS = (
					"$(inherited)",
					"@executable_path/Frameworks",
				);
				PRODUCT_BUNDLE_IDENTIFIER = io.dahe.DesignCode;
				PRODUCT_NAME = "$(TARGET_NAME)";
				SWIFT_VERSION = 5.0;
				TARGETED_DEVICE_FAMILY = "1,2";
			};
			name = Debug;
		};
		FB1CD95526E07CE9005D0DAA /* Release */ = {
			isa = XCBuildConfiguration;
			buildSettings = {
				ASSETCATALOG_COMPILER_APPICON_NAME = AppIcon;
				ASSETCATALOG_COMPILER_GLOBAL_ACCENT_COLOR_NAME = AccentColor;
				CODE_SIGN_STYLE = Automatic;
				DEVELOPMENT_ASSET_PATHS = "\"DesignCode/Preview Content\"";
				DEVELOPMENT_TEAM = T757X7ADTD;
				ENABLE_PREVIEWS = YES;
				INFOPLIST_FILE = DesignCode/Info.plist;
				IPHONEOS_DEPLOYMENT_TARGET = 14.0;
				LD_RUNPATH_SEARCH_PATHS = (
					"$(inherited)",
					"@executable_path/Frameworks",
				);
				PRODUCT_BUNDLE_IDENTIFIER = io.dahe.DesignCode;
				PRODUCT_NAME = "$(TARGET_NAME)";
				SWIFT_VERSION = 5.0;
				TARGETED_DEVICE_FAMILY = "1,2";
			};
			name = Release;
		};
/* End XCBuildConfiguration section */

/* Begin XCConfigurationList section */
		FB1CD93F26E07CE7005D0DAA /* Build configuration list for PBXProject "DesignCode" */ = {
			isa = XCConfigurationList;
			buildConfigurations = (
				FB1CD95126E07CE9005D0DAA /* Debug */,
				FB1CD95226E07CE9005D0DAA /* Release */,
			);
			defaultConfigurationIsVisible = 0;
			defaultConfigurationName = Release;
		};
		FB1CD95326E07CE9005D0DAA /* Build configuration list for PBXNativeTarget "DesignCode" */ = {
			isa = XCConfigurationList;
			buildConfigurations = (
				FB1CD95426E07CE9005D0DAA /* Debug */,
				FB1CD95526E07CE9005D0DAA /* Release */,
			);
			defaultConfigurationIsVisible = 0;
			defaultConfigurationName = Release;
		};
/* End XCConfigurationList section */
	};
	rootObject = FB1CD93C26E07CE7005D0DAA /* Project object */;
}
